
Microsoft Visual Studio Solution File, Format Version 12.00
# Visual Studio 15
VisualStudioVersion = 15.0.28010.2050
MinimumVisualStudioVersion = 10.0.40219.1
Project("{FAE04EC0-301F-11D3-BF4B-00C04F79EFBC}") = "ConsoleApp-Topshelf", "ConsoleApp-Topshelf\ConsoleApp-Topshelf.csproj", "{22768FBB-0460-43DE-B9AD-6A564F90694E}"
EndProject
Global
	GlobalSection(SolutionConfigurationPlatforms) = preSolution
		Debug|Any CPU = Debug|Any CPU
		Release|Any CPU = Release|Any CPU
	EndGlobalSection
	GlobalSection(ProjectConfigurationPlatforms) = postSolution
		{22768FBB-0460-43DE-B9AD-6A564F90694E}.Debug|Any CPU.ActiveCfg = Debug|Any CPU
		{22768FBB-0460-43DE-B9AD-6A564F90694E}.Debug|Any CPU.Build.0 = Debug|Any CPU
		{22768FBB-0460-43DE-B9AD-6A564F90694E}.Release|Any CPU.ActiveCfg = Release|Any CPU
		{22768FBB-0460-43DE-B9AD-6A564F90694E}.Release|Any CPU.Build.0 = Release|Any CPU
	EndGlobalSection
	GlobalSection(SolutionProperties) = preSolution
		HideSolutionNode = FALSE
	EndGlobalSection
	GlobalSection(ExtensibilityGlobals) = postSolution
		SolutionGuid = {667072CF-55AC-449B-A2E7-97D284454243}
	EndGlobalSection
EndGlobal
