
Microsoft Visual Studio Solution File, Format Version 12.00
# Visual Studio 15
VisualStudioVersion = 15.0.27130.2027
MinimumVisualStudioVersion = 10.0.40219.1
Project("{00D1A9C2-B5F0-4AF3-8072-F6C62B433612}") = "Portal-PER730XD-SS17", "Portal-PER730XD-SS17\Portal-PER730XD-SS17.sqlproj", "{515FF3E6-782C-4CC5-B95D-E711F18FC052}"
EndProject
Global
	GlobalSection(SolutionConfigurationPlatforms) = preSolution
		Debug|Any CPU = Debug|Any CPU
		Release|Any CPU = Release|Any CPU
	EndGlobalSection
	GlobalSection(ProjectConfigurationPlatforms) = postSolution
		{515FF3E6-782C-4CC5-B95D-E711F18FC052}.Debug|Any CPU.ActiveCfg = Debug|Any CPU
		{515FF3E6-782C-4CC5-B95D-E711F18FC052}.Debug|Any CPU.Build.0 = Debug|Any CPU
		{515FF3E6-782C-4CC5-B95D-E711F18FC052}.Debug|Any CPU.Deploy.0 = Debug|Any CPU
		{515FF3E6-782C-4CC5-B95D-E711F18FC052}.Release|Any CPU.ActiveCfg = Release|Any CPU
		{515FF3E6-782C-4CC5-B95D-E711F18FC052}.Release|Any CPU.Build.0 = Release|Any CPU
		{515FF3E6-782C-4CC5-B95D-E711F18FC052}.Release|Any CPU.Deploy.0 = Release|Any CPU
	EndGlobalSection
	GlobalSection(SolutionProperties) = preSolution
		HideSolutionNode = FALSE
	EndGlobalSection
	GlobalSection(ExtensibilityGlobals) = postSolution
		SolutionGuid = {6CF43D40-647D-4F34-9375-1C096E073CC9}
	EndGlobalSection
	GlobalSection(TeamFoundationVersionControl) = preSolution
		SccNumberOfProjects = 2
		SccEnterpriseProvider = {4CA58AB2-18FA-4F8D-95D4-32DDF27D184C}
		SccTeamFoundationServer = https://tgspacelabs.visualstudio.com/
		SccLocalPath0 = .
		SccProjectUniqueName1 = Portal-PER730XD-SS17\\Portal-PER730XD-SS17.sqlproj
		SccProjectName1 = Portal-PER730XD-SS17
		SccLocalPath1 = Portal-PER730XD-SS17
	EndGlobalSection
EndGlobal
