
Microsoft Visual Studio Solution File, Format Version 12.00
# Visual Studio 15
VisualStudioVersion = 15.0.27004.2010
MinimumVisualStudioVersion = 10.0.40219.1
Project("{FAE04EC0-301F-11D3-BF4B-00C04F79EFBC}") = "Serialize", "SerializeClass\Serialize.csproj", "{CE962FC1-0081-47BD-AA7E-52498CEA3480}"
EndProject
Project("{00D1A9C2-B5F0-4AF3-8072-F6C62B433612}") = "SerialData", "SerialData\SerialData.sqlproj", "{02FD51E9-2DBC-45AA-B438-45CC2DB9E611}"
EndProject
Global
	GlobalSection(SolutionConfigurationPlatforms) = preSolution
		Debug|Any CPU = Debug|Any CPU
		Release|Any CPU = Release|Any CPU
	EndGlobalSection
	GlobalSection(ProjectConfigurationPlatforms) = postSolution
		{CE962FC1-0081-47BD-AA7E-52498CEA3480}.Debug|Any CPU.ActiveCfg = Debug|Any CPU
		{CE962FC1-0081-47BD-AA7E-52498CEA3480}.Debug|Any CPU.Build.0 = Debug|Any CPU
		{CE962FC1-0081-47BD-AA7E-52498CEA3480}.Release|Any CPU.ActiveCfg = Release|Any CPU
		{CE962FC1-0081-47BD-AA7E-52498CEA3480}.Release|Any CPU.Build.0 = Release|Any CPU
		{02FD51E9-2DBC-45AA-B438-45CC2DB9E611}.Debug|Any CPU.ActiveCfg = Debug|Any CPU
		{02FD51E9-2DBC-45AA-B438-45CC2DB9E611}.Debug|Any CPU.Build.0 = Debug|Any CPU
		{02FD51E9-2DBC-45AA-B438-45CC2DB9E611}.Debug|Any CPU.Deploy.0 = Debug|Any CPU
		{02FD51E9-2DBC-45AA-B438-45CC2DB9E611}.Release|Any CPU.ActiveCfg = Release|Any CPU
		{02FD51E9-2DBC-45AA-B438-45CC2DB9E611}.Release|Any CPU.Build.0 = Release|Any CPU
		{02FD51E9-2DBC-45AA-B438-45CC2DB9E611}.Release|Any CPU.Deploy.0 = Release|Any CPU
	EndGlobalSection
	GlobalSection(SolutionProperties) = preSolution
		HideSolutionNode = FALSE
	EndGlobalSection
	GlobalSection(ExtensibilityGlobals) = postSolution
		SolutionGuid = {9398C1EF-B6E9-45CA-BBFD-7DEBA04F3F5E}
	EndGlobalSection
	GlobalSection(TeamFoundationVersionControl) = preSolution
		SccNumberOfProjects = 3
		SccEnterpriseProvider = {4CA58AB2-18FA-4F8D-95D4-32DDF27D184C}
		SccTeamFoundationServer = https://tgspacelabs.visualstudio.com/
		SccLocalPath0 = .
		SccProjectUniqueName1 = SerialData\\SerialData.sqlproj
		SccProjectName1 = SerialData
		SccLocalPath1 = SerialData
		SccProjectUniqueName2 = SerializeClass\\Serialize.csproj
		SccProjectName2 = SerializeClass
		SccLocalPath2 = SerializeClass
	EndGlobalSection
EndGlobal
