
Microsoft Visual Studio Solution File, Format Version 12.00
# Visual Studio 15
VisualStudioVersion = 15.0.28010.2048
MinimumVisualStudioVersion = 10.0.40219.1
Project("{FAE04EC0-301F-11D3-BF4B-00C04F79EFBC}") = "NetCoreConsoleApp-Topshelf", "NetCoreConsoleApp-Topshelf\NetCoreConsoleApp-Topshelf.csproj", "{925EBB33-7F15-4698-A3A7-2FFC939D2341}"
EndProject
Global
	GlobalSection(SolutionConfigurationPlatforms) = preSolution
		Debug|Any CPU = Debug|Any CPU
		Release|Any CPU = Release|Any CPU
	EndGlobalSection
	GlobalSection(ProjectConfigurationPlatforms) = postSolution
		{925EBB33-7F15-4698-A3A7-2FFC939D2341}.Debug|Any CPU.ActiveCfg = Debug|Any CPU
		{925EBB33-7F15-4698-A3A7-2FFC939D2341}.Debug|Any CPU.Build.0 = Debug|Any CPU
		{925EBB33-7F15-4698-A3A7-2FFC939D2341}.Release|Any CPU.ActiveCfg = Release|Any CPU
		{925EBB33-7F15-4698-A3A7-2FFC939D2341}.Release|Any CPU.Build.0 = Release|Any CPU
	EndGlobalSection
	GlobalSection(SolutionProperties) = preSolution
		HideSolutionNode = FALSE
	EndGlobalSection
	GlobalSection(ExtensibilityGlobals) = postSolution
		SolutionGuid = {2BFA3720-BBAC-4E60-AA4D-538B5CBF63AE}
	EndGlobalSection
EndGlobal
