
Microsoft Visual Studio Solution File, Format Version 12.00
# Visual Studio 15
VisualStudioVersion = 15.0.28010.2026
MinimumVisualStudioVersion = 10.0.40219.1
Project("{FAE04EC0-301F-11D3-BF4B-00C04F79EFBC}") = "AsyncDataGridViewLoad", "AsyncDataGridViewLoad\AsyncDataGridViewLoad.csproj", "{A2A71500-C178-4457-A0B7-201B1BDBFC22}"
EndProject
Global
	GlobalSection(SolutionConfigurationPlatforms) = preSolution
		Debug|Any CPU = Debug|Any CPU
		Release|Any CPU = Release|Any CPU
	EndGlobalSection
	GlobalSection(ProjectConfigurationPlatforms) = postSolution
		{A2A71500-C178-4457-A0B7-201B1BDBFC22}.Debug|Any CPU.ActiveCfg = Debug|Any CPU
		{A2A71500-C178-4457-A0B7-201B1BDBFC22}.Debug|Any CPU.Build.0 = Debug|Any CPU
		{A2A71500-C178-4457-A0B7-201B1BDBFC22}.Release|Any CPU.ActiveCfg = Release|Any CPU
		{A2A71500-C178-4457-A0B7-201B1BDBFC22}.Release|Any CPU.Build.0 = Release|Any CPU
	EndGlobalSection
	GlobalSection(SolutionProperties) = preSolution
		HideSolutionNode = FALSE
	EndGlobalSection
	GlobalSection(ExtensibilityGlobals) = postSolution
		SolutionGuid = {C96CBBE3-FA86-43B0-8C19-63956C390DD4}
	EndGlobalSection
EndGlobal
