
Microsoft Visual Studio Solution File, Format Version 12.00
# Visual Studio 15
VisualStudioVersion = 15.0.27428.2043
MinimumVisualStudioVersion = 10.0.40219.1
Project("{FAE04EC0-301F-11D3-BF4B-00C04F79EFBC}") = "ParseNumberSet-TEST", "ParseNumberSet-TEST\ParseNumberSet-TEST.csproj", "{FCC4426E-4287-47C9-A091-616693713EA5}"
EndProject
Global
	GlobalSection(SolutionConfigurationPlatforms) = preSolution
		Debug|Any CPU = Debug|Any CPU
		Release|Any CPU = Release|Any CPU
	EndGlobalSection
	GlobalSection(ProjectConfigurationPlatforms) = postSolution
		{FCC4426E-4287-47C9-A091-616693713EA5}.Debug|Any CPU.ActiveCfg = Debug|Any CPU
		{FCC4426E-4287-47C9-A091-616693713EA5}.Debug|Any CPU.Build.0 = Debug|Any CPU
		{FCC4426E-4287-47C9-A091-616693713EA5}.Release|Any CPU.ActiveCfg = Release|Any CPU
		{FCC4426E-4287-47C9-A091-616693713EA5}.Release|Any CPU.Build.0 = Release|Any CPU
	EndGlobalSection
	GlobalSection(SolutionProperties) = preSolution
		HideSolutionNode = FALSE
	EndGlobalSection
	GlobalSection(ExtensibilityGlobals) = postSolution
		SolutionGuid = {78342D37-1F3D-4FDE-92B6-B84595A3663B}
	EndGlobalSection
EndGlobal
