
Microsoft Visual Studio Solution File, Format Version 12.00
# Visual Studio 15
VisualStudioVersion = 15.0.28010.2048
MinimumVisualStudioVersion = 10.0.40219.1
Project("{FAE04EC0-301F-11D3-BF4B-00C04F79EFBC}") = "WindowsService1", "WindowsService1\WindowsService1.csproj", "{EDC71DAD-EC34-427B-8692-ED66F7DA5751}"
EndProject
Global
	GlobalSection(SolutionConfigurationPlatforms) = preSolution
		Debug|Any CPU = Debug|Any CPU
		Release|Any CPU = Release|Any CPU
	EndGlobalSection
	GlobalSection(ProjectConfigurationPlatforms) = postSolution
		{EDC71DAD-EC34-427B-8692-ED66F7DA5751}.Debug|Any CPU.ActiveCfg = Debug|Any CPU
		{EDC71DAD-EC34-427B-8692-ED66F7DA5751}.Debug|Any CPU.Build.0 = Debug|Any CPU
		{EDC71DAD-EC34-427B-8692-ED66F7DA5751}.Release|Any CPU.ActiveCfg = Release|Any CPU
		{EDC71DAD-EC34-427B-8692-ED66F7DA5751}.Release|Any CPU.Build.0 = Release|Any CPU
	EndGlobalSection
	GlobalSection(SolutionProperties) = preSolution
		HideSolutionNode = FALSE
	EndGlobalSection
	GlobalSection(ExtensibilityGlobals) = postSolution
		SolutionGuid = {A0D279BC-6102-4BE0-B8E2-AAF7CF0ED7F0}
	EndGlobalSection
EndGlobal
