
Microsoft Visual Studio Solution File, Format Version 12.00
# Visual Studio 15
VisualStudioVersion = 15.0.28010.2046
MinimumVisualStudioVersion = 10.0.40219.1
Project("{FAE04EC0-301F-11D3-BF4B-00C04F79EFBC}") = "DataGridViewTest", "DataGridViewTest\DataGridViewTest.csproj", "{4318A8B2-982D-49D6-B0D6-B8E795A5B471}"
EndProject
Global
	GlobalSection(SolutionConfigurationPlatforms) = preSolution
		Debug|Any CPU = Debug|Any CPU
		Release|Any CPU = Release|Any CPU
	EndGlobalSection
	GlobalSection(ProjectConfigurationPlatforms) = postSolution
		{4318A8B2-982D-49D6-B0D6-B8E795A5B471}.Debug|Any CPU.ActiveCfg = Debug|Any CPU
		{4318A8B2-982D-49D6-B0D6-B8E795A5B471}.Debug|Any CPU.Build.0 = Debug|Any CPU
		{4318A8B2-982D-49D6-B0D6-B8E795A5B471}.Release|Any CPU.ActiveCfg = Release|Any CPU
		{4318A8B2-982D-49D6-B0D6-B8E795A5B471}.Release|Any CPU.Build.0 = Release|Any CPU
	EndGlobalSection
	GlobalSection(SolutionProperties) = preSolution
		HideSolutionNode = FALSE
	EndGlobalSection
	GlobalSection(ExtensibilityGlobals) = postSolution
		SolutionGuid = {379BC7ED-032F-4114-B9ED-B561FC7CD791}
	EndGlobalSection
EndGlobal
